
Microsoft Visual Studio Solution File, Format Version 12.00
# Visual Studio Version 17
VisualStudioVersion = 17.5.33516.290
MinimumVisualStudioVersion = 10.0.40219.1
Project("{9A19103F-16F7-4668-BE54-9A1E7A4F7556}") = "Azure.Storage.Demo.App", "Azure.Storage.Demo.App\Azure.Storage.Demo.App.csproj", "{DC28C4C8-9084-47F0-BDF3-39F2538ADD88}"
EndProject
Project("{FAE04EC0-301F-11D3-BF4B-00C04F79EFBC}") = "Azure.StorageApp.XmlValidateDemo.App", "Azure.StorageApp.XmlValidateDemo.App\Azure.StorageApp.XmlValidateDemo.App.csproj", "{8C265115-696B-46F2-92DC-1D27914BFBFA}"
EndProject
Global
	GlobalSection(SolutionConfigurationPlatforms) = preSolution
		Debug|Any CPU = Debug|Any CPU
		Release|Any CPU = Release|Any CPU
	EndGlobalSection
	GlobalSection(ProjectConfigurationPlatforms) = postSolution
		{DC28C4C8-9084-47F0-BDF3-39F2538ADD88}.Debug|Any CPU.ActiveCfg = Debug|Any CPU
		{DC28C4C8-9084-47F0-BDF3-39F2538ADD88}.Debug|Any CPU.Build.0 = Debug|Any CPU
		{DC28C4C8-9084-47F0-BDF3-39F2538ADD88}.Release|Any CPU.ActiveCfg = Release|Any CPU
		{DC28C4C8-9084-47F0-BDF3-39F2538ADD88}.Release|Any CPU.Build.0 = Release|Any CPU
		{8C265115-696B-46F2-92DC-1D27914BFBFA}.Debug|Any CPU.ActiveCfg = Debug|Any CPU
		{8C265115-696B-46F2-92DC-1D27914BFBFA}.Debug|Any CPU.Build.0 = Debug|Any CPU
		{8C265115-696B-46F2-92DC-1D27914BFBFA}.Release|Any CPU.ActiveCfg = Release|Any CPU
		{8C265115-696B-46F2-92DC-1D27914BFBFA}.Release|Any CPU.Build.0 = Release|Any CPU
	EndGlobalSection
	GlobalSection(SolutionProperties) = preSolution
		HideSolutionNode = FALSE
	EndGlobalSection
	GlobalSection(ExtensibilityGlobals) = postSolution
		SolutionGuid = {FB9F5498-82A4-4894-85CE-AFC683585693}
	EndGlobalSection
EndGlobal
